// !$*UTF8*$!
{
	archiveVersion = 1;
	classes = {
	};
	objectVersion = 77;
	objects = {

/* Begin PBXContainerItemProxy section */
		2F0F87C72D174DA6006844E7 /* PBXContainerItemProxy */ = {
			isa = PBXContainerItemProxy;
			containerPortal = 2F0F87A82D174DA5006844E7 /* Project object */;
			proxyType = 1;
			remoteGlobalIDString = 2F0F87AF2D174DA5006844E7;
			remoteInfo = NeoSoftAssignmentUIKit;
		};
		2F0F87D12D174DA6006844E7 /* PBXContainerItemProxy */ = {
			isa = PBXContainerItemProxy;
			containerPortal = 2F0F87A82D174DA5006844E7 /* Project object */;
			proxyType = 1;
			remoteGlobalIDString = 2F0F87AF2D174DA5006844E7;
			remoteInfo = NeoSoftAssignmentUIKit;
		};
/* End PBXContainerItemProxy section */

/* Begin PBXFileReference section */
		2F0F87B02D174DA5006844E7 /* NeoSoftAssignmentUIKit.app */ = {isa = PBXFileReference; explicitFileType = wrapper.application; includeInIndex = 0; path = NeoSoftAssignmentUIKit.app; sourceTree = BUILT_PRODUCTS_DIR; };
		2F0F87C62D174DA6006844E7 /* NeoSoftAssignmentUIKitTests.xctest */ = {isa = PBXFileReference; explicitFileType = wrapper.cfbundle; includeInIndex = 0; path = NeoSoftAssignmentUIKitTests.xctest; sourceTree = BUILT_PRODUCTS_DIR; };
		2F0F87D02D174DA6006844E7 /* NeoSoftAssignmentUIKitUITests.xctest */ = {isa = PBXFileReference; explicitFileType = wrapper.cfbundle; includeInIndex = 0; path = NeoSoftAssignmentUIKitUITests.xctest; sourceTree = BUILT_PRODUCTS_DIR; };
/* End PBXFileReference section */

/* Begin PBXFileSystemSynchronizedBuildFileExceptionSet section */
		2F0F87D82D174DA6006844E7 /* Exceptions for "NeoSoftAssignmentUIKit" folder in "NeoSoftAssignmentUIKit" target */ = {
			isa = PBXFileSystemSynchronizedBuildFileExceptionSet;
			membershipExceptions = (
				Info.plist,
			);
			target = 2F0F87AF2D174DA5006844E7 /* NeoSoftAssignmentUIKit */;
		};
/* End PBXFileSystemSynchronizedBuildFileExceptionSet section */

/* Begin PBXFileSystemSynchronizedRootGroup section */
		2F0F87B22D174DA5006844E7 /* NeoSoftAssignmentUIKit */ = {
			isa = PBXFileSystemSynchronizedRootGroup;
			exceptions = (
				2F0F87D82D174DA6006844E7 /* Exceptions for "NeoSoftAssignmentUIKit" folder in "NeoSoftAssignmentUIKit" target */,
			);
			path = NeoSoftAssignmentUIKit;
			sourceTree = "<group>";
		};
		2F0F87C92D174DA6006844E7 /* NeoSoftAssignmentUIKitTests */ = {
			isa = PBXFileSystemSynchronizedRootGroup;
			path = NeoSoftAssignmentUIKitTests;
			sourceTree = "<group>";
		};
		2F0F87D32D174DA6006844E7 /* NeoSoftAssignmentUIKitUITests */ = {
			isa = PBXFileSystemSynchronizedRootGroup;
			path = NeoSoftAssignmentUIKitUITests;
			sourceTree = "<group>";
		};
/* End PBXFileSystemSynchronizedRootGroup section */

/* Begin PBXFrameworksBuildPhase section */
		2F0F87AD2D174DA5006844E7 /* Frameworks */ = {
			isa = PBXFrameworksBuildPhase;
			buildActionMask = 2147483647;
			files = (
			);
			runOnlyForDeploymentPostprocessing = 0;
		};
		2F0F87C32D174DA6006844E7 /* Frameworks */ = {
			isa = PBXFrameworksBuildPhase;
			buildActionMask = 2147483647;
			files = (
			);
			runOnlyForDeploymentPostprocessing = 0;
		};
		2F0F87CD2D174DA6006844E7 /* Frameworks */ = {
			isa = PBXFrameworksBuildPhase;
			buildActionMask = 2147483647;
			files = (
			);
			runOnlyForDeploymentPostprocessing = 0;
		};
/* End PBXFrameworksBuildPhase section */

/* Begin PBXGroup section */
		2F0F87A72D174DA5006844E7 = {
			isa = PBXGroup;
			children = (
				2F0F87B22D174DA5006844E7 /* NeoSoftAssignmentUIKit */,
				2F0F87C92D174DA6006844E7 /* NeoSoftAssignmentUIKitTests */,
				2F0F87D32D174DA6006844E7 /* NeoSoftAssignmentUIKitUITests */,
				2F0F87B12D174DA5006844E7 /* Products */,
			);
			sourceTree = "<group>";
		};
		2F0F87B12D174DA5006844E7 /* Products */ = {
			isa = PBXGroup;
			children = (
				2F0F87B02D174DA5006844E7 /* NeoSoftAssignmentUIKit.app */,
				2F0F87C62D174DA6006844E7 /* NeoSoftAssignmentUIKitTests.xctest */,
				2F0F87D02D174DA6006844E7 /* NeoSoftAssignmentUIKitUITests.xctest */,
			);
			name = Products;
			sourceTree = "<group>";
		};
/* End PBXGroup section */

/* Begin PBXNativeTarget section */
		2F0F87AF2D174DA5006844E7 /* NeoSoftAssignmentUIKit */ = {
			isa = PBXNativeTarget;
			buildConfigurationList = 2F0F87D92D174DA6006844E7 /* Build configuration list for PBXNativeTarget "NeoSoftAssignmentUIKit" */;
			buildPhases = (
				2F0F87AC2D174DA5006844E7 /* Sources */,
				2F0F87AD2D174DA5006844E7 /* Frameworks */,
				2F0F87AE2D174DA5006844E7 /* Resources */,
			);
			buildRules = (
			);
			dependencies = (
			);
			fileSystemSynchronizedGroups = (
				2F0F87B22D174DA5006844E7 /* NeoSoftAssignmentUIKit */,
			);
			name = NeoSoftAssignmentUIKit;
			packageProductDependencies = (
			);
			productName = NeoSoftAssignmentUIKit;
			productReference = 2F0F87B02D174DA5006844E7 /* NeoSoftAssignmentUIKit.app */;
			productType = "com.apple.product-type.application";
		};
		2F0F87C52D174DA6006844E7 /* NeoSoftAssignmentUIKitTests */ = {
			isa = PBXNativeTarget;
			buildConfigurationList = 2F0F87DE2D174DA6006844E7 /* Build configuration list for PBXNativeTarget "NeoSoftAssignmentUIKitTests" */;
			buildPhases = (
				2F0F87C22D174DA6006844E7 /* Sources */,
				2F0F87C32D174DA6006844E7 /* Frameworks */,
				2F0F87C42D174DA6006844E7 /* Resources */,
			);
			buildRules = (
			);
			dependencies = (
				2F0F87C82D174DA6006844E7 /* PBXTargetDependency */,
			);
			fileSystemSynchronizedGroups = (
				2F0F87C92D174DA6006844E7 /* NeoSoftAssignmentUIKitTests */,
			);
			name = NeoSoftAssignmentUIKitTests;
			packageProductDependencies = (
			);
			productName = NeoSoftAssignmentUIKitTests;
			productReference = 2F0F87C62D174DA6006844E7 /* NeoSoftAssignmentUIKitTests.xctest */;
			productType = "com.apple.product-type.bundle.unit-test";
		};
		2F0F87CF2D174DA6006844E7 /* NeoSoftAssignmentUIKitUITests */ = {
			isa = PBXNativeTarget;
			buildConfigurationList = 2F0F87E12D174DA6006844E7 /* Build configuration list for PBXNativeTarget "NeoSoftAssignmentUIKitUITests" */;
			buildPhases = (
				2F0F87CC2D174DA6006844E7 /* Sources */,
				2F0F87CD2D174DA6006844E7 /* Frameworks */,
				2F0F87CE2D174DA6006844E7 /* Resources */,
			);
			buildRules = (
			);
			dependencies = (
				2F0F87D22D174DA6006844E7 /* PBXTargetDependency */,
			);
			fileSystemSynchronizedGroups = (
				2F0F87D32D174DA6006844E7 /* NeoSoftAssignmentUIKitUITests */,
			);
			name = NeoSoftAssignmentUIKitUITests;
			packageProductDependencies = (
			);
			productName = NeoSoftAssignmentUIKitUITests;
			productReference = 2F0F87D02D174DA6006844E7 /* NeoSoftAssignmentUIKitUITests.xctest */;
			productType = "com.apple.product-type.bundle.ui-testing";
		};
/* End PBXNativeTarget section */

/* Begin PBXProject section */
		2F0F87A82D174DA5006844E7 /* Project object */ = {
			isa = PBXProject;
			attributes = {
				BuildIndependentTargetsInParallel = 1;
				LastSwiftUpdateCheck = 1620;
				LastUpgradeCheck = 1620;
				TargetAttributes = {
					2F0F87AF2D174DA5006844E7 = {
						CreatedOnToolsVersion = 16.2;
					};
					2F0F87C52D174DA6006844E7 = {
						CreatedOnToolsVersion = 16.2;
						TestTargetID = 2F0F87AF2D174DA5006844E7;
					};
					2F0F87CF2D174DA6006844E7 = {
						CreatedOnToolsVersion = 16.2;
						TestTargetID = 2F0F87AF2D174DA5006844E7;
					};
				};
			};
			buildConfigurationList = 2F0F87AB2D174DA5006844E7 /* Build configuration list for PBXProject "NeoSoftAssignmentUIKit" */;
			developmentRegion = en;
			hasScannedForEncodings = 0;
			knownRegions = (
				en,
				Base,
			);
			mainGroup = 2F0F87A72D174DA5006844E7;
			minimizedProjectReferenceProxies = 1;
			preferredProjectObjectVersion = 77;
			productRefGroup = 2F0F87B12D174DA5006844E7 /* Products */;
			projectDirPath = "";
			projectRoot = "";
			targets = (
				2F0F87AF2D174DA5006844E7 /* NeoSoftAssignmentUIKit */,
				2F0F87C52D174DA6006844E7 /* NeoSoftAssignmentUIKitTests */,
				2F0F87CF2D174DA6006844E7 /* NeoSoftAssignmentUIKitUITests */,
			);
		};
/* End PBXProject section */

/* Begin PBXResourcesBuildPhase section */
		2F0F87AE2D174DA5006844E7 /* Resources */ = {
			isa = PBXResourcesBuildPhase;
			buildActionMask = 2147483647;
			files = (
			);
			runOnlyForDeploymentPostprocessing = 0;
		};
		2F0F87C42D174DA6006844E7 /* Resources */ = {
			isa = PBXResourcesBuildPhase;
			buildActionMask = 2147483647;
			files = (
			);
			runOnlyForDeploymentPostprocessing = 0;
		};
		2F0F87CE2D174DA6006844E7 /* Resources */ = {
			isa = PBXResourcesBuildPhase;
			buildActionMask = 2147483647;
			files = (
			);
			runOnlyForDeploymentPostprocessing = 0;
		};
/* End PBXResourcesBuildPhase section */

/* Begin PBXSourcesBuildPhase section */
		2F0F87AC2D174DA5006844E7 /* Sources */ = {
			isa = PBXSourcesBuildPhase;
			buildActionMask = 2147483647;
			files = (
			);
			runOnlyForDeploymentPostprocessing = 0;
		};
		2F0F87C22D174DA6006844E7 /* Sources */ = {
			isa = PBXSourcesBuildPhase;
			buildActionMask = 2147483647;
			files = (
			);
			runOnlyForDeploymentPostprocessing = 0;
		};
		2F0F87CC2D174DA6006844E7 /* Sources */ = {
			isa = PBXSourcesBuildPhase;
			buildActionMask = 2147483647;
			files = (
			);
			runOnlyForDeploymentPostprocessing = 0;
		};
/* End PBXSourcesBuildPhase section */

/* Begin PBXTargetDependency section */
		2F0F87C82D174DA6006844E7 /* PBXTargetDependency */ = {
			isa = PBXTargetDependency;
			target = 2F0F87AF2D174DA5006844E7 /* NeoSoftAssignmentUIKit */;
			targetProxy = 2F0F87C72D174DA6006844E7 /* PBXContainerItemProxy */;
		};
		2F0F87D22D174DA6006844E7 /* PBXTargetDependency */ = {
			isa = PBXTargetDependency;
			target = 2F0F87AF2D174DA5006844E7 /* NeoSoftAssignmentUIKit */;
			targetProxy = 2F0F87D12D174DA6006844E7 /* PBXContainerItemProxy */;
		};
/* End PBXTargetDependency section */

/* Begin XCBuildConfiguration section */
		2F0F87DA2D174DA6006844E7 /* Debug */ = {
			isa = XCBuildConfiguration;
			buildSettings = {
				ASSETCATALOG_COMPILER_APPICON_NAME = AppIcon;
				ASSETCATALOG_COMPILER_GLOBAL_ACCENT_COLOR_NAME = AccentColor;
				CODE_SIGN_STYLE = Automatic;
				CURRENT_PROJECT_VERSION = 1;
				GENERATE_INFOPLIST_FILE = YES;
				INFOPLIST_FILE = NeoSoftAssignmentUIKit/Info.plist;
				INFOPLIST_KEY_UIApplicationSupportsIndirectInputEvents = YES;
				INFOPLIST_KEY_UILaunchStoryboardName = LaunchScreen;
				INFOPLIST_KEY_UIMainStoryboardFile = Main;
				INFOPLIST_KEY_UISupportedInterfaceOrientations_iPad = "UIInterfaceOrientationPortrait UIInterfaceOrientationPortraitUpsideDown UIInterfaceOrientationLandscapeLeft UIInterfaceOrientationLandscapeRight";
				INFOPLIST_KEY_UISupportedInterfaceOrientations_iPhone = "UIInterfaceOrientationPortrait UIInterfaceOrientationLandscapeLeft UIInterfaceOrientationLandscapeRight";
				LD_RUNPATH_SEARCH_PATHS = (
					"$(inherited)",
					"@executable_path/Frameworks",
				);
				MARKETING_VERSION = 1.0;
				PRODUCT_BUNDLE_IDENTIFIER = com.test.NeoSoftAssignmentUIKit;
				PRODUCT_NAME = "$(TARGET_NAME)";
				SWIFT_EMIT_LOC_STRINGS = YES;
				SWIFT_VERSION = 5.0;
				TARGETED_DEVICE_FAMILY = "1,2";
			};
			name = Debug;
		};
		2F0F87DB2D174DA6006844E7 /* Release */ = {
			isa = XCBuildConfiguration;
			buildSettings = {
				ASSETCATALOG_COMPILER_APPICON_NAME = AppIcon;
				ASSETCATALOG_COMPILER_GLOBAL_ACCENT_COLOR_NAME = AccentColor;
				CODE_SIGN_STYLE = Automatic;
				CURRENT_PROJECT_VERSION = 1;
				GENERATE_INFOPLIST_FILE = YES;
				INFOPLIST_FILE = NeoSoftAssignmentUIKit/Info.plist;
				INFOPLIST_KEY_UIApplicationSupportsIndirectInputEvents = YES;
				INFOPLIST_KEY_UILaunchStoryboardName = LaunchScreen;
				INFOPLIST_KEY_UIMainStoryboardFile = Main;
				INFOPLIST_KEY_UISupportedInterfaceOrientations_iPad = "UIInterfaceOrientationPortrait UIInterfaceOrientationPortraitUpsideDown UIInterfaceOrientationLandscapeLeft UIInterfaceOrientationLandscapeRight";
				INFOPLIST_KEY_UISupportedInterfaceOrientations_iPhone = "UIInterfaceOrientationPortrait UIInterfaceOrientationLandscapeLeft UIInterfaceOrientationLandscapeRight";
				LD_RUNPATH_SEARCH_PATHS = (
					"$(inherited)",
					"@executable_path/Frameworks",
				);
				MARKETING_VERSION = 1.0;
				PRODUCT_BUNDLE_IDENTIFIER = com.test.NeoSoftAssignmentUIKit;
				PRODUCT_NAME = "$(TARGET_NAME)";
				SWIFT_EMIT_LOC_STRINGS = YES;
				SWIFT_VERSION = 5.0;
				TARGETED_DEVICE_FAMILY = "1,2";
			};
			name = Release;
		};
		2F0F87DC2D174DA6006844E7 /* Debug */ = {
			isa = XCBuildConfiguration;
			buildSettings = {
				ALWAYS_SEARCH_USER_PATHS = NO;
				ASSETCATALOG_COMPILER_GENERATE_SWIFT_ASSET_SYMBOL_EXTENSIONS = YES;
				CLANG_ANALYZER_NONNULL = YES;
				CLANG_ANALYZER_NUMBER_OBJECT_CONVERSION = YES_AGGRESSIVE;
				CLANG_CXX_LANGUAGE_STANDARD = "gnu++20";
				CLANG_ENABLE_MODULES = YES;
				CLANG_ENABLE_OBJC_ARC = YES;
				CLANG_ENABLE_OBJC_WEAK = YES;
				CLANG_WARN_BLOCK_CAPTURE_AUTORELEASING = YES;
				CLANG_WARN_BOOL_CONVERSION = YES;
				CLANG_WARN_COMMA = YES;
				CLANG_WARN_CONSTANT_CONVERSION = YES;
				CLANG_WARN_DEPRECATED_OBJC_IMPLEMENTATIONS = YES;
				CLANG_WARN_DIRECT_OBJC_ISA_USAGE = YES_ERROR;
				CLANG_WARN_DOCUMENTATION_COMMENTS = YES;
				CLANG_WARN_EMPTY_BODY = YES;
				CLANG_WARN_ENUM_CONVERSION = YES;
				CLANG_WARN_INFINITE_RECURSION = YES;
				CLANG_WARN_INT_CONVERSION = YES;
				CLANG_WARN_NON_LITERAL_NULL_CONVERSION = YES;
				CLANG_WARN_OBJC_IMPLICIT_RETAIN_SELF = YES;
				CLANG_WARN_OBJC_LITERAL_CONVERSION = YES;
				CLANG_WARN_OBJC_ROOT_CLASS = YES_ERROR;
				CLANG_WARN_QUOTED_INCLUDE_IN_FRAMEWORK_HEADER = YES;
				CLANG_WARN_RANGE_LOOP_ANALYSIS = YES;
				CLANG_WARN_STRICT_PROTOTYPES = YES;
				CLANG_WARN_SUSPICIOUS_MOVE = YES;
				CLANG_WARN_UNGUARDED_AVAILABILITY = YES_AGGRESSIVE;
				CLANG_WARN_UNREACHABLE_CODE = YES;
				CLANG_WARN__DUPLICATE_METHOD_MATCH = YES;
				COPY_PHASE_STRIP = NO;
				DEBUG_INFORMATION_FORMAT = dwarf;
				ENABLE_STRICT_OBJC_MSGSEND = YES;
				ENABLE_TESTABILITY = YES;
				ENABLE_USER_SCRIPT_SANDBOXING = YES;
				GCC_C_LANGUAGE_STANDARD = gnu17;
				GCC_DYNAMIC_NO_PIC = NO;
				GCC_NO_COMMON_BLOCKS = YES;
				GCC_OPTIMIZATION_LEVEL = 0;
				GCC_PREPROCESSOR_DEFINITIONS = (
					"DEBUG=1",
					"$(inherited)",
				);
				GCC_WARN_64_TO_32_BIT_CONVERSION = YES;
				GCC_WARN_ABOUT_RETURN_TYPE = YES_ERROR;
				GCC_WARN_UNDECLARED_SELECTOR = YES;
				GCC_WARN_UNINITIALIZED_AUTOS = YES_AGGRESSIVE;
				GCC_WARN_UNUSED_FUNCTION = YES;
				GCC_WARN_UNUSED_VARIABLE = YES;
				IPHONEOS_DEPLOYMENT_TARGET = 18.2;
				LOCALIZATION_PREFERS_STRING_CATALOGS = YES;
				MTL_ENABLE_DEBUG_INFO = INCLUDE_SOURCE;
				MTL_FAST_MATH = YES;
				ONLY_ACTIVE_ARCH = YES;
				SDKROOT = iphoneos;
				SWIFT_ACTIVE_COMPILATION_CONDITIONS = "DEBUG $(inherited)";
				SWIFT_OPTIMIZATION_LEVEL = "-Onone";
			};
			name = Debug;
		};
		2F0F87DD2D174DA6006844E7 /* Release */ = {
			isa = XCBuildConfiguration;
			buildSettings = {
				ALWAYS_SEARCH_USER_PATHS = NO;
				ASSETCATALOG_COMPILER_GENERATE_SWIFT_ASSET_SYMBOL_EXTENSIONS = YES;
				CLANG_ANALYZER_NONNULL = YES;
				CLANG_ANALYZER_NUMBER_OBJECT_CONVERSION = YES_AGGRESSIVE;
				CLANG_CXX_LANGUAGE_STANDARD = "gnu++20";
				CLANG_ENABLE_MODULES = YES;
				CLANG_ENABLE_OBJC_ARC = YES;
				CLANG_ENABLE_OBJC_WEAK = YES;
				CLANG_WARN_BLOCK_CAPTURE_AUTORELEASING = YES;
				CLANG_WARN_BOOL_CONVERSION = YES;
				CLANG_WARN_COMMA = YES;
				CLANG_WARN_CONSTANT_CONVERSION = YES;
				CLANG_WARN_DEPRECATED_OBJC_IMPLEMENTATIONS = YES;
				CLANG_WARN_DIRECT_OBJC_ISA_USAGE = YES_ERROR;
				CLANG_WARN_DOCUMENTATION_COMMENTS = YES;
				CLANG_WARN_EMPTY_BODY = YES;
				CLANG_WARN_ENUM_CONVERSION = YES;
				CLANG_WARN_INFINITE_RECURSION = YES;
				CLANG_WARN_INT_CONVERSION = YES;
				CLANG_WARN_NON_LITERAL_NULL_CONVERSION = YES;
				CLANG_WARN_OBJC_IMPLICIT_RETAIN_SELF = YES;
				CLANG_WARN_OBJC_LITERAL_CONVERSION = YES;
				CLANG_WARN_OBJC_ROOT_CLASS = YES_ERROR;
				CLANG_WARN_QUOTED_INCLUDE_IN_FRAMEWORK_HEADER = YES;
				CLANG_WARN_RANGE_LOOP_ANALYSIS = YES;
				CLANG_WARN_STRICT_PROTOTYPES = YES;
				CLANG_WARN_SUSPICIOUS_MOVE = YES;
				CLANG_WARN_UNGUARDED_AVAILABILITY = YES_AGGRESSIVE;
				CLANG_WARN_UNREACHABLE_CODE = YES;
				CLANG_WARN__DUPLICATE_METHOD_MATCH = YES;
				COPY_PHASE_STRIP = NO;
				DEBUG_INFORMATION_FORMAT = "dwarf-with-dsym";
				ENABLE_NS_ASSERTIONS = NO;
				ENABLE_STRICT_OBJC_MSGSEND = YES;
				ENABLE_USER_SCRIPT_SANDBOXING = YES;
				GCC_C_LANGUAGE_STANDARD = gnu17;
				GCC_NO_COMMON_BLOCKS = YES;
				GCC_WARN_64_TO_32_BIT_CONVERSION = YES;
				GCC_WARN_ABOUT_RETURN_TYPE = YES_ERROR;
				GCC_WARN_UNDECLARED_SELECTOR = YES;
				GCC_WARN_UNINITIALIZED_AUTOS = YES_AGGRESSIVE;
				GCC_WARN_UNUSED_FUNCTION = YES;
				GCC_WARN_UNUSED_VARIABLE = YES;
				IPHONEOS_DEPLOYMENT_TARGET = 18.2;
				LOCALIZATION_PREFERS_STRING_CATALOGS = YES;
				MTL_ENABLE_DEBUG_INFO = NO;
				MTL_FAST_MATH = YES;
				SDKROOT = iphoneos;
				SWIFT_COMPILATION_MODE = wholemodule;
				VALIDATE_PRODUCT = YES;
			};
			name = Release;
		};
		2F0F87DF2D174DA6006844E7 /* Debug */ = {
			isa = XCBuildConfiguration;
			buildSettings = {
				BUNDLE_LOADER = "$(TEST_HOST)";
				CODE_SIGN_STYLE = Automatic;
				CURRENT_PROJECT_VERSION = 1;
				GENERATE_INFOPLIST_FILE = YES;
				IPHONEOS_DEPLOYMENT_TARGET = 18.2;
				MARKETING_VERSION = 1.0;
				PRODUCT_BUNDLE_IDENTIFIER = com.test.NeoSoftAssignmentUIKitTests;
				PRODUCT_NAME = "$(TARGET_NAME)";
				SWIFT_EMIT_LOC_STRINGS = NO;
				SWIFT_VERSION = 5.0;
				TARGETED_DEVICE_FAMILY = "1,2";
				TEST_HOST = "$(BUILT_PRODUCTS_DIR)/NeoSoftAssignmentUIKit.app/$(BUNDLE_EXECUTABLE_FOLDER_PATH)/NeoSoftAssignmentUIKit";
			};
			name = Debug;
		};
		2F0F87E02D174DA6006844E7 /* Release */ = {
			isa = XCBuildConfiguration;
			buildSettings = {
				BUNDLE_LOADER = "$(TEST_HOST)";
				CODE_SIGN_STYLE = Automatic;
				CURRENT_PROJECT_VERSION = 1;
				GENERATE_INFOPLIST_FILE = YES;
				IPHONEOS_DEPLOYMENT_TARGET = 18.2;
				MARKETING_VERSION = 1.0;
				PRODUCT_BUNDLE_IDENTIFIER = com.test.NeoSoftAssignmentUIKitTests;
				PRODUCT_NAME = "$(TARGET_NAME)";
				SWIFT_EMIT_LOC_STRINGS = NO;
				SWIFT_VERSION = 5.0;
				TARGETED_DEVICE_FAMILY = "1,2";
				TEST_HOST = "$(BUILT_PRODUCTS_DIR)/NeoSoftAssignmentUIKit.app/$(BUNDLE_EXECUTABLE_FOLDER_PATH)/NeoSoftAssignmentUIKit";
			};
			name = Release;
		};
		2F0F87E22D174DA6006844E7 /* Debug */ = {
			isa = XCBuildConfiguration;
			buildSettings = {
				CODE_SIGN_STYLE = Automatic;
				CURRENT_PROJECT_VERSION = 1;
				GENERATE_INFOPLIST_FILE = YES;
				MARKETING_VERSION = 1.0;
				PRODUCT_BUNDLE_IDENTIFIER = com.test.NeoSoftAssignmentUIKitUITests;
				PRODUCT_NAME = "$(TARGET_NAME)";
				SWIFT_EMIT_LOC_STRINGS = NO;
				SWIFT_VERSION = 5.0;
				TARGETED_DEVICE_FAMILY = "1,2";
				TEST_TARGET_NAME = NeoSoftAssignmentUIKit;
			};
			name = Debug;
		};
		2F0F87E32D174DA6006844E7 /* Release */ = {
			isa = XCBuildConfiguration;
			buildSettings = {
				CODE_SIGN_STYLE = Automatic;
				CURRENT_PROJECT_VERSION = 1;
				GENERATE_INFOPLIST_FILE = YES;
				MARKETING_VERSION = 1.0;
				PRODUCT_BUNDLE_IDENTIFIER = com.test.NeoSoftAssignmentUIKitUITests;
				PRODUCT_NAME = "$(TARGET_NAME)";
				SWIFT_EMIT_LOC_STRINGS = NO;
				SWIFT_VERSION = 5.0;
				TARGETED_DEVICE_FAMILY = "1,2";
				TEST_TARGET_NAME = NeoSoftAssignmentUIKit;
			};
			name = Release;
		};
/* End XCBuildConfiguration section */

/* Begin XCConfigurationList section */
		2F0F87AB2D174DA5006844E7 /* Build configuration list for PBXProject "NeoSoftAssignmentUIKit" */ = {
			isa = XCConfigurationList;
			buildConfigurations = (
				2F0F87DC2D174DA6006844E7 /* Debug */,
				2F0F87DD2D174DA6006844E7 /* Release */,
			);
			defaultConfigurationIsVisible = 0;
			defaultConfigurationName = Release;
		};
		2F0F87D92D174DA6006844E7 /* Build configuration list for PBXNativeTarget "NeoSoftAssignmentUIKit" */ = {
			isa = XCConfigurationList;
			buildConfigurations = (
				2F0F87DA2D174DA6006844E7 /* Debug */,
				2F0F87DB2D174DA6006844E7 /* Release */,
			);
			defaultConfigurationIsVisible = 0;
			defaultConfigurationName = Release;
		};
		2F0F87DE2D174DA6006844E7 /* Build configuration list for PBXNativeTarget "NeoSoftAssignmentUIKitTests" */ = {
			isa = XCConfigurationList;
			buildConfigurations = (
				2F0F87DF2D174DA6006844E7 /* Debug */,
				2F0F87E02D174DA6006844E7 /* Release */,
			);
			defaultConfigurationIsVisible = 0;
			defaultConfigurationName = Release;
		};
		2F0F87E12D174DA6006844E7 /* Build configuration list for PBXNativeTarget "NeoSoftAssignmentUIKitUITests" */ = {
			isa = XCConfigurationList;
			buildConfigurations = (
				2F0F87E22D174DA6006844E7 /* Debug */,
				2F0F87E32D174DA6006844E7 /* Release */,
			);
			defaultConfigurationIsVisible = 0;
			defaultConfigurationName = Release;
		};
/* End XCConfigurationList section */
	};
	rootObject = 2F0F87A82D174DA5006844E7 /* Project object */;
}
